
Microsoft Visual Studio Solution File, Format Version 12.00
# Visual Studio Version 16
VisualStudioVersion = 16.0.29326.143
MinimumVisualStudioVersion = 10.0.40219.1
Project("{8BC9CEB8-8B4A-11D0-8D11-00A0C91BC942}") = "Lab2", "Lab2\Lab2.vcxproj", "{620264C4-03F3-4572-8F2A-582DC4715155}"
EndProject
Project("{8BC9CEB8-8B4A-11D0-8D11-00A0C91BC942}") = "Lab1", "Lab1\Lab1.vcxproj", "{BE502F96-E8EC-4324-8528-03B19940A065}"
EndProject
Global
	GlobalSection(SolutionConfigurationPlatforms) = preSolution
		Debug|Any CPU = Debug|Any CPU
		Debug|x64 = Debug|x64
		Debug|x86 = Debug|x86
		Release|Any CPU = Release|Any CPU
		Release|x64 = Release|x64
		Release|x86 = Release|x86
	EndGlobalSection
	GlobalSection(ProjectConfigurationPlatforms) = postSolution
		{620264C4-03F3-4572-8F2A-582DC4715155}.Debug|Any CPU.ActiveCfg = Debug|Win32
		{620264C4-03F3-4572-8F2A-582DC4715155}.Debug|x64.ActiveCfg = Debug|x64
		{620264C4-03F3-4572-8F2A-582DC4715155}.Debug|x64.Build.0 = Debug|x64
		{620264C4-03F3-4572-8F2A-582DC4715155}.Debug|x86.ActiveCfg = Debug|Win32
		{620264C4-03F3-4572-8F2A-582DC4715155}.Debug|x86.Build.0 = Debug|Win32
		{620264C4-03F3-4572-8F2A-582DC4715155}.Release|Any CPU.ActiveCfg = Release|Win32
		{620264C4-03F3-4572-8F2A-582DC4715155}.Release|x64.ActiveCfg = Release|x64
		{620264C4-03F3-4572-8F2A-582DC4715155}.Release|x64.Build.0 = Release|x64
		{620264C4-03F3-4572-8F2A-582DC4715155}.Release|x86.ActiveCfg = Release|Win32
		{620264C4-03F3-4572-8F2A-582DC4715155}.Release|x86.Build.0 = Release|Win32
		{BE502F96-E8EC-4324-8528-03B19940A065}.Debug|Any CPU.ActiveCfg = Debug|Win32
		{BE502F96-E8EC-4324-8528-03B19940A065}.Debug|x64.ActiveCfg = Debug|x64
		{BE502F96-E8EC-4324-8528-03B19940A065}.Debug|x64.Build.0 = Debug|x64
		{BE502F96-E8EC-4324-8528-03B19940A065}.Debug|x86.ActiveCfg = Debug|Win32
		{BE502F96-E8EC-4324-8528-03B19940A065}.Debug|x86.Build.0 = Debug|Win32
		{BE502F96-E8EC-4324-8528-03B19940A065}.Release|Any CPU.ActiveCfg = Release|Win32
		{BE502F96-E8EC-4324-8528-03B19940A065}.Release|x64.ActiveCfg = Release|x64
		{BE502F96-E8EC-4324-8528-03B19940A065}.Release|x64.Build.0 = Release|x64
		{BE502F96-E8EC-4324-8528-03B19940A065}.Release|x86.ActiveCfg = Release|Win32
		{BE502F96-E8EC-4324-8528-03B19940A065}.Release|x86.Build.0 = Release|Win32
	EndGlobalSection
	GlobalSection(SolutionProperties) = preSolution
		HideSolutionNode = FALSE
	EndGlobalSection
	GlobalSection(ExtensibilityGlobals) = postSolution
		SolutionGuid = {7940D688-AB5D-411D-9414-2D48010824E2}
	EndGlobalSection
EndGlobal
